# This file was generated by Aiken
# You typically do not need to edit this file

[[requirements]]
name = "aiken-lang/stdlib"
version = "v2.1.0"
source = "github"

[[requirements]]
name = "aiken-lang/fuzz"
version = "2.1.0"
source = "github"

[[requirements]]
name = "anastasia-labs/aiken-design-patterns"
version = "develop"
source = "github"

[[requirements]]
name = "aiken-lang/merkle-patricia-forestry"
version = "2.0.0"
source = "github"

[[packages]]
name = "aiken-lang/stdlib"
version = "v2.1.0"
requirements = []
source = "github"

[[packages]]
name = "aiken-lang/fuzz"
version = "2.1.0"
requirements = []
source = "github"

[[packages]]
name = "anastasia-labs/aiken-design-patterns"
version = "develop"
requirements = []
source = "github"

[[packages]]
name = "aiken-lang/merkle-patricia-forestry"
version = "2.0.0"
requirements = []
source = "github"

[etags]
"anastasia-labs/aiken-design-patterns@develop" = [{ secs_since_epoch = 1734654447, nanos_since_epoch = 829763442 }, "b382940eb113f7b79a0c0afe53b0d4b04de692dddf2d0556e4a532848c6405dd"]
