# This file was generated by Aiken
# You typically do not need to edit this file

[[requirements]]
name = "aiken-lang/stdlib"
version = "v2.1.0"
source = "github"

[[requirements]]
name = "aiken-lang/fuzz"
version = "2.1.0"
source = "github"

[[requirements]]
name = "anastasia-labs/aiken-design-patterns"
version = "develop"
source = "github"

[[packages]]
name = "aiken-lang/stdlib"
version = "v2.1.0"
requirements = []
source = "github"

[[packages]]
name = "aiken-lang/fuzz"
version = "2.1.0"
requirements = []
source = "github"

[[packages]]
name = "anastasia-labs/aiken-design-patterns"
version = "develop"
requirements = []
source = "github"

[etags]
"anastasia-labs/aiken-design-patterns@develop" = [{ secs_since_epoch = 1734732158, nanos_since_epoch = 380999600 }, "0a299bf78021a49ab1bd39fed5cdd8df142791d2b80e311223218ab7eea72cad"]
